// !$*UTF8*$!
{
	archiveVersion = 1;
	classes = {
	};
	objectVersion = 50;
	objects = {

/* Begin PBXBuildFile section */
		06030821246B7616001C78B8 /* WidthControl.swift in Sources */ = {isa = PBXBuildFile; fileRef = 06030820246B7616001C78B8 /* WidthControl.swift */; };
		0609283C23D40D5C0023465F /* Extension+UIView.swift in Sources */ = {isa = PBXBuildFile; fileRef = 0609283B23D40D5C0023465F /* Extension+UIView.swift */; };
		0634C1C92555E8FE008D58AF /* ToggleButton.swift in Sources */ = {isa = PBXBuildFile; fileRef = 0634C1C82555E8FE008D58AF /* ToggleButton.swift */; };
		064D54542481E87200F2976D /* EnneSection.swift in Sources */ = {isa = PBXBuildFile; fileRef = 064D54532481E87200F2976D /* EnneSection.swift */; };
		0657E9462478862600B1EA06 /* Constants.swift in Sources */ = {isa = PBXBuildFile; fileRef = 0657E9452478862600B1EA06 /* Constants.swift */; };
		068E00A423CA6AC1004C45CF /* ItemCollectionViewCell.xib in Resources */ = {isa = PBXBuildFile; fileRef = 068E00A323CA6AC1004C45CF /* ItemCollectionViewCell.xib */; };
		068E00AC23CA9062004C45CF /* ItemCollectionViewCell.swift in Sources */ = {isa = PBXBuildFile; fileRef = 068E00AB23CA9062004C45CF /* ItemCollectionViewCell.swift */; };
		0694EFE324A133A900D43EAC /* Extension+PKCanvasView.swift in Sources */ = {isa = PBXBuildFile; fileRef = 0694EFE224A133A900D43EAC /* Extension+PKCanvasView.swift */; };
		06A9DFBC2483300500C11672 /* DefaultTableViewCell.xib in Resources */ = {isa = PBXBuildFile; fileRef = 06A9DFBB2483300500C11672 /* DefaultTableViewCell.xib */; };
		06A9DFBE2483301F00C11672 /* DefaultTableViewCell.swift in Sources */ = {isa = PBXBuildFile; fileRef = 06A9DFBD2483301F00C11672 /* DefaultTableViewCell.swift */; };
		06A9DFC02483302A00C11672 /* SwitchTableViewCell.swift in Sources */ = {isa = PBXBuildFile; fileRef = 06A9DFBF2483302A00C11672 /* SwitchTableViewCell.swift */; };
		06B3DE8B23C677BA00C1E843 /* ViewController.swift in Sources */ = {isa = PBXBuildFile; fileRef = 06B3DE8A23C677BA00C1E843 /* ViewController.swift */; };
		06BA56D924059E1E006E6C93 /* ConfigViewController.swift in Sources */ = {isa = PBXBuildFile; fileRef = 06BA56D824059E1E006E6C93 /* ConfigViewController.swift */; };
		06BD174324034D250028FADC /* Localizable.strings in Resources */ = {isa = PBXBuildFile; fileRef = 06BD174124034D250028FADC /* Localizable.strings */; };
		06C2DBC62482D1DF00DA34C0 /* ConfigurationDelegate.swift in Sources */ = {isa = PBXBuildFile; fileRef = 06C2DBC52482D1DF00DA34C0 /* ConfigurationDelegate.swift */; };
		06EAA3612558E8E600EA3D83 /* DetailTableViewCell.xib in Resources */ = {isa = PBXBuildFile; fileRef = 06EAA3602558E8E600EA3D83 /* DetailTableViewCell.xib */; };
		06EAA36E2558EB4E00EA3D83 /* DetailTableViewCell.swift in Sources */ = {isa = PBXBuildFile; fileRef = 06EAA36D2558EB4E00EA3D83 /* DetailTableViewCell.swift */; };
		06F938AB2407626700977459 /* InfoPlist.strings in Resources */ = {isa = PBXBuildFile; fileRef = 06F938A92407626700977459 /* InfoPlist.strings */; };
		06FF57CD248BD86600D8D358 /* SwitchTableViewCell.xib in Resources */ = {isa = PBXBuildFile; fileRef = 06FF57CF248BD86600D8D358 /* SwitchTableViewCell.xib */; };
		867AF3AA22C511FA001C1E8F /* AppDelegate.swift in Sources */ = {isa = PBXBuildFile; fileRef = 867AF3A922C511FA001C1E8F /* AppDelegate.swift */; };
		867AF3AE22C511FA001C1E8F /* CameraViewController.swift in Sources */ = {isa = PBXBuildFile; fileRef = 867AF3AD22C511FA001C1E8F /* CameraViewController.swift */; };
		867AF3B122C511FA001C1E8F /* Main.storyboard in Resources */ = {isa = PBXBuildFile; fileRef = 867AF3AF22C511FA001C1E8F /* Main.storyboard */; };
		867AF3B322C511FB001C1E8F /* Assets.xcassets in Resources */ = {isa = PBXBuildFile; fileRef = 867AF3B222C511FB001C1E8F /* Assets.xcassets */; };
		867AF3B622C511FB001C1E8F /* LaunchScreen.storyboard in Resources */ = {isa = PBXBuildFile; fileRef = 867AF3B422C511FB001C1E8F /* LaunchScreen.storyboard */; };
		867AF3C122C511FB001C1E8F /* ennecoisaTests.swift in Sources */ = {isa = PBXBuildFile; fileRef = 867AF3C022C511FB001C1E8F /* ennecoisaTests.swift */; };
		867AF3CC22C511FB001C1E8F /* ennecoisaUITests.swift in Sources */ = {isa = PBXBuildFile; fileRef = 867AF3CB22C511FB001C1E8F /* ennecoisaUITests.swift */; };
/* End PBXBuildFile section */

/* Begin PBXContainerItemProxy section */
		867AF3BD22C511FB001C1E8F /* PBXContainerItemProxy */ = {
			isa = PBXContainerItemProxy;
			containerPortal = 867AF39E22C511FA001C1E8F /* Project object */;
			proxyType = 1;
			remoteGlobalIDString = 867AF3A522C511FA001C1E8F;
			remoteInfo = ennecoisa;
		};
		867AF3C822C511FB001C1E8F /* PBXContainerItemProxy */ = {
			isa = PBXContainerItemProxy;
			containerPortal = 867AF39E22C511FA001C1E8F /* Project object */;
			proxyType = 1;
			remoteGlobalIDString = 867AF3A522C511FA001C1E8F;
			remoteInfo = ennecoisa;
		};
/* End PBXContainerItemProxy section */

/* Begin PBXFileReference section */
		06030820246B7616001C78B8 /* WidthControl.swift */ = {isa = PBXFileReference; lastKnownFileType = sourcecode.swift; path = WidthControl.swift; sourceTree = "<group>"; };
		0609283B23D40D5C0023465F /* Extension+UIView.swift */ = {isa = PBXFileReference; lastKnownFileType = sourcecode.swift; path = "Extension+UIView.swift"; sourceTree = "<group>"; };
		0634C1C82555E8FE008D58AF /* ToggleButton.swift */ = {isa = PBXFileReference; lastKnownFileType = sourcecode.swift; name = ToggleButton.swift; path = ennecoisa/Components/ToggleButton.swift; sourceTree = SOURCE_ROOT; };
		064D54532481E87200F2976D /* EnneSection.swift */ = {isa = PBXFileReference; lastKnownFileType = sourcecode.swift; path = EnneSection.swift; sourceTree = "<group>"; };
		0657E9452478862600B1EA06 /* Constants.swift */ = {isa = PBXFileReference; lastKnownFileType = sourcecode.swift; path = Constants.swift; sourceTree = "<group>"; };
		068E00A323CA6AC1004C45CF /* ItemCollectionViewCell.xib */ = {isa = PBXFileReference; lastKnownFileType = file.xib; path = ItemCollectionViewCell.xib; sourceTree = "<group>"; };
		068E00AB23CA9062004C45CF /* ItemCollectionViewCell.swift */ = {isa = PBXFileReference; fileEncoding = 4; lastKnownFileType = sourcecode.swift; path = ItemCollectionViewCell.swift; sourceTree = "<group>"; };
		0694EFE224A133A900D43EAC /* Extension+PKCanvasView.swift */ = {isa = PBXFileReference; lastKnownFileType = sourcecode.swift; path = "Extension+PKCanvasView.swift"; sourceTree = "<group>"; };
		06A9DFBB2483300500C11672 /* DefaultTableViewCell.xib */ = {isa = PBXFileReference; lastKnownFileType = file.xib; path = DefaultTableViewCell.xib; sourceTree = "<group>"; };
		06A9DFBD2483301F00C11672 /* DefaultTableViewCell.swift */ = {isa = PBXFileReference; lastKnownFileType = sourcecode.swift; path = DefaultTableViewCell.swift; sourceTree = "<group>"; };
		06A9DFBF2483302A00C11672 /* SwitchTableViewCell.swift */ = {isa = PBXFileReference; lastKnownFileType = sourcecode.swift; path = SwitchTableViewCell.swift; sourceTree = "<group>"; };
		06B3DE8A23C677BA00C1E843 /* ViewController.swift */ = {isa = PBXFileReference; lastKnownFileType = sourcecode.swift; path = ViewController.swift; sourceTree = "<group>"; };
		06BA56D824059E1E006E6C93 /* ConfigViewController.swift */ = {isa = PBXFileReference; lastKnownFileType = sourcecode.swift; path = ConfigViewController.swift; sourceTree = "<group>"; };
		06BA56DB2405F4AB006E6C93 /* pt-BR */ = {isa = PBXFileReference; lastKnownFileType = text.plist.strings; name = "pt-BR"; path = "pt-BR.lproj/Main.strings"; sourceTree = "<group>"; };
		06BD173324034B400028FADC /* pt-BR */ = {isa = PBXFileReference; lastKnownFileType = text.plist.strings; name = "pt-BR"; path = "pt-BR.lproj/LaunchScreen.strings"; sourceTree = "<group>"; };
		06BD174224034D250028FADC /* Base */ = {isa = PBXFileReference; lastKnownFileType = text.plist.strings; name = Base; path = Base.lproj/Localizable.strings; sourceTree = "<group>"; };
		06BD174424034D380028FADC /* pt-BR */ = {isa = PBXFileReference; lastKnownFileType = text.plist.strings; name = "pt-BR"; path = "pt-BR.lproj/Localizable.strings"; sourceTree = "<group>"; };
		06C2DBC52482D1DF00DA34C0 /* ConfigurationDelegate.swift */ = {isa = PBXFileReference; lastKnownFileType = sourcecode.swift; path = ConfigurationDelegate.swift; sourceTree = "<group>"; };
		06EAA3602558E8E600EA3D83 /* DetailTableViewCell.xib */ = {isa = PBXFileReference; lastKnownFileType = file.xib; path = DetailTableViewCell.xib; sourceTree = "<group>"; };
		06EAA36D2558EB4E00EA3D83 /* DetailTableViewCell.swift */ = {isa = PBXFileReference; lastKnownFileType = sourcecode.swift; path = DetailTableViewCell.swift; sourceTree = "<group>"; };
		06F938AA2407626700977459 /* Base */ = {isa = PBXFileReference; lastKnownFileType = text.plist.strings; name = Base; path = Base.lproj/InfoPlist.strings; sourceTree = "<group>"; };
		06F938AC2407627000977459 /* pt-BR */ = {isa = PBXFileReference; lastKnownFileType = text.plist.strings; name = "pt-BR"; path = "pt-BR.lproj/InfoPlist.strings"; sourceTree = "<group>"; };
		06FF57CE248BD86600D8D358 /* Base */ = {isa = PBXFileReference; lastKnownFileType = file.xib; name = Base; path = Base.lproj/SwitchTableViewCell.xib; sourceTree = "<group>"; };
		06FF57D1248BD86A00D8D358 /* pt-BR */ = {isa = PBXFileReference; lastKnownFileType = text.plist.strings; name = "pt-BR"; path = "pt-BR.lproj/SwitchTableViewCell.strings"; sourceTree = "<group>"; };
		867AF3A622C511FA001C1E8F /* ennecoisa.app */ = {isa = PBXFileReference; explicitFileType = wrapper.application; includeInIndex = 0; path = ennecoisa.app; sourceTree = BUILT_PRODUCTS_DIR; };
		867AF3A922C511FA001C1E8F /* AppDelegate.swift */ = {isa = PBXFileReference; lastKnownFileType = sourcecode.swift; path = AppDelegate.swift; sourceTree = "<group>"; };
		867AF3AD22C511FA001C1E8F /* CameraViewController.swift */ = {isa = PBXFileReference; lastKnownFileType = sourcecode.swift; path = CameraViewController.swift; sourceTree = "<group>"; };
		867AF3B022C511FA001C1E8F /* Base */ = {isa = PBXFileReference; lastKnownFileType = file.storyboard; name = Base; path = Base.lproj/Main.storyboard; sourceTree = "<group>"; };
		867AF3B222C511FB001C1E8F /* Assets.xcassets */ = {isa = PBXFileReference; lastKnownFileType = folder.assetcatalog; path = Assets.xcassets; sourceTree = "<group>"; };
		867AF3B522C511FB001C1E8F /* Base */ = {isa = PBXFileReference; lastKnownFileType = file.storyboard; name = Base; path = Base.lproj/LaunchScreen.storyboard; sourceTree = "<group>"; };
		867AF3B722C511FB001C1E8F /* Info.plist */ = {isa = PBXFileReference; lastKnownFileType = text.plist.xml; path = Info.plist; sourceTree = "<group>"; };
		867AF3BC22C511FB001C1E8F /* ennecoisaTests.xctest */ = {isa = PBXFileReference; explicitFileType = wrapper.cfbundle; includeInIndex = 0; path = ennecoisaTests.xctest; sourceTree = BUILT_PRODUCTS_DIR; };
		867AF3C022C511FB001C1E8F /* ennecoisaTests.swift */ = {isa = PBXFileReference; lastKnownFileType = sourcecode.swift; path = ennecoisaTests.swift; sourceTree = "<group>"; };
		867AF3C222C511FB001C1E8F /* Info.plist */ = {isa = PBXFileReference; lastKnownFileType = text.plist.xml; path = Info.plist; sourceTree = "<group>"; };
		867AF3C722C511FB001C1E8F /* ennecoisaUITests.xctest */ = {isa = PBXFileReference; explicitFileType = wrapper.cfbundle; includeInIndex = 0; path = ennecoisaUITests.xctest; sourceTree = BUILT_PRODUCTS_DIR; };
		867AF3CB22C511FB001C1E8F /* ennecoisaUITests.swift */ = {isa = PBXFileReference; lastKnownFileType = sourcecode.swift; path = ennecoisaUITests.swift; sourceTree = "<group>"; };
		867AF3CD22C511FB001C1E8F /* Info.plist */ = {isa = PBXFileReference; lastKnownFileType = text.plist.xml; path = Info.plist; sourceTree = "<group>"; };
/* End PBXFileReference section */

/* Begin PBXFrameworksBuildPhase section */
		867AF3A322C511FA001C1E8F /* Frameworks */ = {
			isa = PBXFrameworksBuildPhase;
			buildActionMask = 2147483647;
			files = (
			);
			runOnlyForDeploymentPostprocessing = 0;
		};
		867AF3B922C511FB001C1E8F /* Frameworks */ = {
			isa = PBXFrameworksBuildPhase;
			buildActionMask = 2147483647;
			files = (
			);
			runOnlyForDeploymentPostprocessing = 0;
		};
		867AF3C422C511FB001C1E8F /* Frameworks */ = {
			isa = PBXFrameworksBuildPhase;
			buildActionMask = 2147483647;
			files = (
			);
			runOnlyForDeploymentPostprocessing = 0;
		};
/* End PBXFrameworksBuildPhase section */

/* Begin PBXGroup section */
		0609283A23D40D450023465F /* Extensions */ = {
			isa = PBXGroup;
			children = (
				0609283B23D40D5C0023465F /* Extension+UIView.swift */,
				0694EFE224A133A900D43EAC /* Extension+PKCanvasView.swift */,
			);
			path = Extensions;
			sourceTree = "<group>";
		};
		064D54522481E85300F2976D /* Model */ = {
			isa = PBXGroup;
			children = (
				064D54532481E87200F2976D /* EnneSection.swift */,
			);
			path = Model;
			sourceTree = "<group>";
		};
		0689382D23DBA18400D025AB /* View */ = {
			isa = PBXGroup;
			children = (
				867AF3AF22C511FA001C1E8F /* Main.storyboard */,
				068E00AB23CA9062004C45CF /* ItemCollectionViewCell.swift */,
				068E00A323CA6AC1004C45CF /* ItemCollectionViewCell.xib */,
				867AF3B422C511FB001C1E8F /* LaunchScreen.storyboard */,
				06FF57CF248BD86600D8D358 /* SwitchTableViewCell.xib */,
				06A9DFBF2483302A00C11672 /* SwitchTableViewCell.swift */,
				06A9DFBB2483300500C11672 /* DefaultTableViewCell.xib */,
				06A9DFBD2483301F00C11672 /* DefaultTableViewCell.swift */,
				06EAA3602558E8E600EA3D83 /* DetailTableViewCell.xib */,
				06EAA36D2558EB4E00EA3D83 /* DetailTableViewCell.swift */,
			);
			path = View;
			sourceTree = "<group>";
		};
		0689382E23DBA18B00D025AB /* Controller */ = {
			isa = PBXGroup;
			children = (
				06B3DE8A23C677BA00C1E843 /* ViewController.swift */,
				867AF3AD22C511FA001C1E8F /* CameraViewController.swift */,
				06BA56D824059E1E006E6C93 /* ConfigViewController.swift */,
			);
			path = Controller;
			sourceTree = "<group>";
		};
		0693EF772468B80B00E0337D /* Utils */ = {
			isa = PBXGroup;
			children = (
				0657E9452478862600B1EA06 /* Constants.swift */,
			);
			path = Utils;
			sourceTree = "<group>";
		};
		06ABE023255AED200062954D /* Components */ = {
			isa = PBXGroup;
			children = (
				0634C1C82555E8FE008D58AF /* ToggleButton.swift */,
				06030820246B7616001C78B8 /* WidthControl.swift */,
			);
			path = Components;
			sourceTree = "<group>";
		};
		06C2DBC42482D1B300DA34C0 /* Protocol */ = {
			isa = PBXGroup;
			children = (
				06C2DBC52482D1DF00DA34C0 /* ConfigurationDelegate.swift */,
			);
			path = Protocol;
			sourceTree = "<group>";
		};
		867AF39D22C511FA001C1E8F = {
			isa = PBXGroup;
			children = (
				867AF3A822C511FA001C1E8F /* ennecoisa */,
				867AF3BF22C511FB001C1E8F /* ennecoisaTests */,
				867AF3CA22C511FB001C1E8F /* ennecoisaUITests */,
				867AF3A722C511FA001C1E8F /* Products */,
			);
			sourceTree = "<group>";
		};
		867AF3A722C511FA001C1E8F /* Products */ = {
			isa = PBXGroup;
			children = (
				867AF3A622C511FA001C1E8F /* ennecoisa.app */,
				867AF3BC22C511FB001C1E8F /* ennecoisaTests.xctest */,
				867AF3C722C511FB001C1E8F /* ennecoisaUITests.xctest */,
			);
			name = Products;
			sourceTree = "<group>";
		};
		867AF3A822C511FA001C1E8F /* ennecoisa */ = {
			isa = PBXGroup;
			children = (
				06ABE023255AED200062954D /* Components */,
				06C2DBC42482D1B300DA34C0 /* Protocol */,
				064D54522481E85300F2976D /* Model */,
				0689382E23DBA18B00D025AB /* Controller */,
				0689382D23DBA18400D025AB /* View */,
				0693EF772468B80B00E0337D /* Utils */,
				0609283A23D40D450023465F /* Extensions */,
				867AF3A922C511FA001C1E8F /* AppDelegate.swift */,
				867AF3B222C511FB001C1E8F /* Assets.xcassets */,
				867AF3B722C511FB001C1E8F /* Info.plist */,
				06F938A92407626700977459 /* InfoPlist.strings */,
				06BD174124034D250028FADC /* Localizable.strings */,
			);
			path = ennecoisa;
			sourceTree = "<group>";
		};
		867AF3BF22C511FB001C1E8F /* ennecoisaTests */ = {
			isa = PBXGroup;
			children = (
				867AF3C022C511FB001C1E8F /* ennecoisaTests.swift */,
				867AF3C222C511FB001C1E8F /* Info.plist */,
			);
			path = ennecoisaTests;
			sourceTree = "<group>";
		};
		867AF3CA22C511FB001C1E8F /* ennecoisaUITests */ = {
			isa = PBXGroup;
			children = (
				867AF3CB22C511FB001C1E8F /* ennecoisaUITests.swift */,
				867AF3CD22C511FB001C1E8F /* Info.plist */,
			);
			path = ennecoisaUITests;
			sourceTree = "<group>";
		};
/* End PBXGroup section */

/* Begin PBXNativeTarget section */
		867AF3A522C511FA001C1E8F /* ennecoisa */ = {
			isa = PBXNativeTarget;
			buildConfigurationList = 867AF3D022C511FB001C1E8F /* Build configuration list for PBXNativeTarget "ennecoisa" */;
			buildPhases = (
				867AF3A222C511FA001C1E8F /* Sources */,
				867AF3A322C511FA001C1E8F /* Frameworks */,
				867AF3A422C511FA001C1E8F /* Resources */,
			);
			buildRules = (
			);
			dependencies = (
			);
			name = ennecoisa;
			productName = ennecoisa;
			productReference = 867AF3A622C511FA001C1E8F /* ennecoisa.app */;
			productType = "com.apple.product-type.application";
		};
		867AF3BB22C511FB001C1E8F /* ennecoisaTests */ = {
			isa = PBXNativeTarget;
			buildConfigurationList = 867AF3D322C511FB001C1E8F /* Build configuration list for PBXNativeTarget "ennecoisaTests" */;
			buildPhases = (
				867AF3B822C511FB001C1E8F /* Sources */,
				867AF3B922C511FB001C1E8F /* Frameworks */,
				867AF3BA22C511FB001C1E8F /* Resources */,
			);
			buildRules = (
			);
			dependencies = (
				867AF3BE22C511FB001C1E8F /* PBXTargetDependency */,
			);
			name = ennecoisaTests;
			productName = ennecoisaTests;
			productReference = 867AF3BC22C511FB001C1E8F /* ennecoisaTests.xctest */;
			productType = "com.apple.product-type.bundle.unit-test";
		};
		867AF3C622C511FB001C1E8F /* ennecoisaUITests */ = {
			isa = PBXNativeTarget;
			buildConfigurationList = 867AF3D622C511FB001C1E8F /* Build configuration list for PBXNativeTarget "ennecoisaUITests" */;
			buildPhases = (
				867AF3C322C511FB001C1E8F /* Sources */,
				867AF3C422C511FB001C1E8F /* Frameworks */,
				867AF3C522C511FB001C1E8F /* Resources */,
			);
			buildRules = (
			);
			dependencies = (
				867AF3C922C511FB001C1E8F /* PBXTargetDependency */,
			);
			name = ennecoisaUITests;
			productName = ennecoisaUITests;
			productReference = 867AF3C722C511FB001C1E8F /* ennecoisaUITests.xctest */;
			productType = "com.apple.product-type.bundle.ui-testing";
		};
/* End PBXNativeTarget section */

/* Begin PBXProject section */
		867AF39E22C511FA001C1E8F /* Project object */ = {
			isa = PBXProject;
			attributes = {
				LastSwiftUpdateCheck = 1020;
				LastUpgradeCheck = 1020;
				ORGANIZATIONNAME = "Gabriela Schirmer";
				TargetAttributes = {
					867AF3A522C511FA001C1E8F = {
						CreatedOnToolsVersion = 10.2.1;
					};
					867AF3BB22C511FB001C1E8F = {
						CreatedOnToolsVersion = 10.2.1;
						TestTargetID = 867AF3A522C511FA001C1E8F;
					};
					867AF3C622C511FB001C1E8F = {
						CreatedOnToolsVersion = 10.2.1;
						TestTargetID = 867AF3A522C511FA001C1E8F;
					};
				};
			};
			buildConfigurationList = 867AF3A122C511FA001C1E8F /* Build configuration list for PBXProject "ennecoisa" */;
			compatibilityVersion = "Xcode 9.3";
			developmentRegion = en;
			hasScannedForEncodings = 0;
			knownRegions = (
				en,
				Base,
				"pt-BR",
			);
			mainGroup = 867AF39D22C511FA001C1E8F;
			productRefGroup = 867AF3A722C511FA001C1E8F /* Products */;
			projectDirPath = "";
			projectRoot = "";
			targets = (
				867AF3A522C511FA001C1E8F /* ennecoisa */,
				867AF3BB22C511FB001C1E8F /* ennecoisaTests */,
				867AF3C622C511FB001C1E8F /* ennecoisaUITests */,
			);
		};
/* End PBXProject section */

/* Begin PBXResourcesBuildPhase section */
		867AF3A422C511FA001C1E8F /* Resources */ = {
			isa = PBXResourcesBuildPhase;
			buildActionMask = 2147483647;
			files = (
				06BD174324034D250028FADC /* Localizable.strings in Resources */,
				06EAA3612558E8E600EA3D83 /* DetailTableViewCell.xib in Resources */,
				06A9DFBC2483300500C11672 /* DefaultTableViewCell.xib in Resources */,
				06F938AB2407626700977459 /* InfoPlist.strings in Resources */,
				867AF3B622C511FB001C1E8F /* LaunchScreen.storyboard in Resources */,
				06FF57CD248BD86600D8D358 /* SwitchTableViewCell.xib in Resources */,
				068E00A423CA6AC1004C45CF /* ItemCollectionViewCell.xib in Resources */,
				867AF3B322C511FB001C1E8F /* Assets.xcassets in Resources */,
				867AF3B122C511FA001C1E8F /* Main.storyboard in Resources */,
			);
			runOnlyForDeploymentPostprocessing = 0;
		};
		867AF3BA22C511FB001C1E8F /* Resources */ = {
			isa = PBXResourcesBuildPhase;
			buildActionMask = 2147483647;
			files = (
			);
			runOnlyForDeploymentPostprocessing = 0;
		};
		867AF3C522C511FB001C1E8F /* Resources */ = {
			isa = PBXResourcesBuildPhase;
			buildActionMask = 2147483647;
			files = (
			);
			runOnlyForDeploymentPostprocessing = 0;
		};
/* End PBXResourcesBuildPhase section */

/* Begin PBXSourcesBuildPhase section */
		867AF3A222C511FA001C1E8F /* Sources */ = {
			isa = PBXSourcesBuildPhase;
			buildActionMask = 2147483647;
			files = (
				0694EFE324A133A900D43EAC /* Extension+PKCanvasView.swift in Sources */,
				06EAA36E2558EB4E00EA3D83 /* DetailTableViewCell.swift in Sources */,
				06B3DE8B23C677BA00C1E843 /* ViewController.swift in Sources */,
				064D54542481E87200F2976D /* EnneSection.swift in Sources */,
				06A9DFC02483302A00C11672 /* SwitchTableViewCell.swift in Sources */,
				0634C1C92555E8FE008D58AF /* ToggleButton.swift in Sources */,
				0609283C23D40D5C0023465F /* Extension+UIView.swift in Sources */,
				06BA56D924059E1E006E6C93 /* ConfigViewController.swift in Sources */,
				068E00AC23CA9062004C45CF /* ItemCollectionViewCell.swift in Sources */,
				0657E9462478862600B1EA06 /* Constants.swift in Sources */,
				06C2DBC62482D1DF00DA34C0 /* ConfigurationDelegate.swift in Sources */,
				867AF3AE22C511FA001C1E8F /* CameraViewController.swift in Sources */,
				867AF3AA22C511FA001C1E8F /* AppDelegate.swift in Sources */,
				06030821246B7616001C78B8 /* WidthControl.swift in Sources */,
				06A9DFBE2483301F00C11672 /* DefaultTableViewCell.swift in Sources */,
			);
			runOnlyForDeploymentPostprocessing = 0;
		};
		867AF3B822C511FB001C1E8F /* Sources */ = {
			isa = PBXSourcesBuildPhase;
			buildActionMask = 2147483647;
			files = (
				867AF3C122C511FB001C1E8F /* ennecoisaTests.swift in Sources */,
			);
			runOnlyForDeploymentPostprocessing = 0;
		};
		867AF3C322C511FB001C1E8F /* Sources */ = {
			isa = PBXSourcesBuildPhase;
			buildActionMask = 2147483647;
			files = (
				867AF3CC22C511FB001C1E8F /* ennecoisaUITests.swift in Sources */,
			);
			runOnlyForDeploymentPostprocessing = 0;
		};
/* End PBXSourcesBuildPhase section */

/* Begin PBXTargetDependency section */
		867AF3BE22C511FB001C1E8F /* PBXTargetDependency */ = {
			isa = PBXTargetDependency;
			target = 867AF3A522C511FA001C1E8F /* ennecoisa */;
			targetProxy = 867AF3BD22C511FB001C1E8F /* PBXContainerItemProxy */;
		};
		867AF3C922C511FB001C1E8F /* PBXTargetDependency */ = {
			isa = PBXTargetDependency;
			target = 867AF3A522C511FA001C1E8F /* ennecoisa */;
			targetProxy = 867AF3C822C511FB001C1E8F /* PBXContainerItemProxy */;
		};
/* End PBXTargetDependency section */

/* Begin PBXVariantGroup section */
		06BD174124034D250028FADC /* Localizable.strings */ = {
			isa = PBXVariantGroup;
			children = (
				06BD174224034D250028FADC /* Base */,
				06BD174424034D380028FADC /* pt-BR */,
			);
			name = Localizable.strings;
			sourceTree = "<group>";
		};
		06F938A92407626700977459 /* InfoPlist.strings */ = {
			isa = PBXVariantGroup;
			children = (
				06F938AA2407626700977459 /* Base */,
				06F938AC2407627000977459 /* pt-BR */,
			);
			name = InfoPlist.strings;
			sourceTree = "<group>";
		};
		06FF57CF248BD86600D8D358 /* SwitchTableViewCell.xib */ = {
			isa = PBXVariantGroup;
			children = (
				06FF57CE248BD86600D8D358 /* Base */,
				06FF57D1248BD86A00D8D358 /* pt-BR */,
			);
			name = SwitchTableViewCell.xib;
			sourceTree = "<group>";
		};
		867AF3AF22C511FA001C1E8F /* Main.storyboard */ = {
			isa = PBXVariantGroup;
			children = (
				867AF3B022C511FA001C1E8F /* Base */,
				06BA56DB2405F4AB006E6C93 /* pt-BR */,
			);
			name = Main.storyboard;
			sourceTree = "<group>";
		};
		867AF3B422C511FB001C1E8F /* LaunchScreen.storyboard */ = {
			isa = PBXVariantGroup;
			children = (
				867AF3B522C511FB001C1E8F /* Base */,
				06BD173324034B400028FADC /* pt-BR */,
			);
			name = LaunchScreen.storyboard;
			sourceTree = "<group>";
		};
/* End PBXVariantGroup section */

/* Begin XCBuildConfiguration section */
		867AF3CE22C511FB001C1E8F /* Debug */ = {
			isa = XCBuildConfiguration;
			buildSettings = {
				ALWAYS_SEARCH_USER_PATHS = NO;
				CLANG_ANALYZER_LOCALIZABILITY_NONLOCALIZED = YES;
				CLANG_ANALYZER_NONNULL = YES;
				CLANG_ANALYZER_NUMBER_OBJECT_CONVERSION = YES_AGGRESSIVE;
				CLANG_CXX_LANGUAGE_STANDARD = "gnu++14";
				CLANG_CXX_LIBRARY = "libc++";
				CLANG_ENABLE_MODULES = YES;
				CLANG_ENABLE_OBJC_ARC = YES;
				CLANG_ENABLE_OBJC_WEAK = YES;
				CLANG_WARN_BLOCK_CAPTURE_AUTORELEASING = YES;
				CLANG_WARN_BOOL_CONVERSION = YES;
				CLANG_WARN_COMMA = YES;
				CLANG_WARN_CONSTANT_CONVERSION = YES;
				CLANG_WARN_DEPRECATED_OBJC_IMPLEMENTATIONS = YES;
				CLANG_WARN_DIRECT_OBJC_ISA_USAGE = YES_ERROR;
				CLANG_WARN_DOCUMENTATION_COMMENTS = YES;
				CLANG_WARN_EMPTY_BODY = YES;
				CLANG_WARN_ENUM_CONVERSION = YES;
				CLANG_WARN_INFINITE_RECURSION = YES;
				CLANG_WARN_INT_CONVERSION = YES;
				CLANG_WARN_NON_LITERAL_NULL_CONVERSION = YES;
				CLANG_WARN_OBJC_IMPLICIT_RETAIN_SELF = YES;
				CLANG_WARN_OBJC_LITERAL_CONVERSION = YES;
				CLANG_WARN_OBJC_ROOT_CLASS = YES_ERROR;
				CLANG_WARN_RANGE_LOOP_ANALYSIS = YES;
				CLANG_WARN_STRICT_PROTOTYPES = YES;
				CLANG_WARN_SUSPICIOUS_MOVE = YES;
				CLANG_WARN_UNGUARDED_AVAILABILITY = YES_AGGRESSIVE;
				CLANG_WARN_UNREACHABLE_CODE = YES;
				CLANG_WARN__DUPLICATE_METHOD_MATCH = YES;
				CODE_SIGN_IDENTITY = "iPhone Developer";
				COPY_PHASE_STRIP = NO;
				DEBUG_INFORMATION_FORMAT = dwarf;
				ENABLE_STRICT_OBJC_MSGSEND = YES;
				ENABLE_TESTABILITY = YES;
				GCC_C_LANGUAGE_STANDARD = gnu11;
				GCC_DYNAMIC_NO_PIC = NO;
				GCC_NO_COMMON_BLOCKS = YES;
				GCC_OPTIMIZATION_LEVEL = 0;
				GCC_PREPROCESSOR_DEFINITIONS = (
					"DEBUG=1",
					"$(inherited)",
				);
				GCC_WARN_64_TO_32_BIT_CONVERSION = YES;
				GCC_WARN_ABOUT_RETURN_TYPE = YES_ERROR;
				GCC_WARN_UNDECLARED_SELECTOR = YES;
				GCC_WARN_UNINITIALIZED_AUTOS = YES_AGGRESSIVE;
				GCC_WARN_UNUSED_FUNCTION = YES;
				GCC_WARN_UNUSED_VARIABLE = YES;
				IPHONEOS_DEPLOYMENT_TARGET = 13.0;
				MTL_ENABLE_DEBUG_INFO = INCLUDE_SOURCE;
				MTL_FAST_MATH = YES;
				ONLY_ACTIVE_ARCH = YES;
				SDKROOT = iphoneos;
				SWIFT_ACTIVE_COMPILATION_CONDITIONS = DEBUG;
				SWIFT_OPTIMIZATION_LEVEL = "-Onone";
			};
			name = Debug;
		};
		867AF3CF22C511FB001C1E8F /* Release */ = {
			isa = XCBuildConfiguration;
			buildSettings = {
				ALWAYS_SEARCH_USER_PATHS = NO;
				CLANG_ANALYZER_LOCALIZABILITY_NONLOCALIZED = YES;
				CLANG_ANALYZER_NONNULL = YES;
				CLANG_ANALYZER_NUMBER_OBJECT_CONVERSION = YES_AGGRESSIVE;
				CLANG_CXX_LANGUAGE_STANDARD = "gnu++14";
				CLANG_CXX_LIBRARY = "libc++";
				CLANG_ENABLE_MODULES = YES;
				CLANG_ENABLE_OBJC_ARC = YES;
				CLANG_ENABLE_OBJC_WEAK = YES;
				CLANG_WARN_BLOCK_CAPTURE_AUTORELEASING = YES;
				CLANG_WARN_BOOL_CONVERSION = YES;
				CLANG_WARN_COMMA = YES;
				CLANG_WARN_CONSTANT_CONVERSION = YES;
				CLANG_WARN_DEPRECATED_OBJC_IMPLEMENTATIONS = YES;
				CLANG_WARN_DIRECT_OBJC_ISA_USAGE = YES_ERROR;
				CLANG_WARN_DOCUMENTATION_COMMENTS = YES;
				CLANG_WARN_EMPTY_BODY = YES;
				CLANG_WARN_ENUM_CONVERSION = YES;
				CLANG_WARN_INFINITE_RECURSION = YES;
				CLANG_WARN_INT_CONVERSION = YES;
				CLANG_WARN_NON_LITERAL_NULL_CONVERSION = YES;
				CLANG_WARN_OBJC_IMPLICIT_RETAIN_SELF = YES;
				CLANG_WARN_OBJC_LITERAL_CONVERSION = YES;
				CLANG_WARN_OBJC_ROOT_CLASS = YES_ERROR;
				CLANG_WARN_RANGE_LOOP_ANALYSIS = YES;
				CLANG_WARN_STRICT_PROTOTYPES = YES;
				CLANG_WARN_SUSPICIOUS_MOVE = YES;
				CLANG_WARN_UNGUARDED_AVAILABILITY = YES_AGGRESSIVE;
				CLANG_WARN_UNREACHABLE_CODE = YES;
				CLANG_WARN__DUPLICATE_METHOD_MATCH = YES;
				CODE_SIGN_IDENTITY = "iPhone Developer";
				COPY_PHASE_STRIP = NO;
				DEBUG_INFORMATION_FORMAT = "dwarf-with-dsym";
				ENABLE_NS_ASSERTIONS = NO;
				ENABLE_STRICT_OBJC_MSGSEND = YES;
				GCC_C_LANGUAGE_STANDARD = gnu11;
				GCC_NO_COMMON_BLOCKS = YES;
				GCC_WARN_64_TO_32_BIT_CONVERSION = YES;
				GCC_WARN_ABOUT_RETURN_TYPE = YES_ERROR;
				GCC_WARN_UNDECLARED_SELECTOR = YES;
				GCC_WARN_UNINITIALIZED_AUTOS = YES_AGGRESSIVE;
				GCC_WARN_UNUSED_FUNCTION = YES;
				GCC_WARN_UNUSED_VARIABLE = YES;
				IPHONEOS_DEPLOYMENT_TARGET = 13.0;
				MTL_ENABLE_DEBUG_INFO = NO;
				MTL_FAST_MATH = YES;
				SDKROOT = iphoneos;
				SWIFT_COMPILATION_MODE = wholemodule;
				SWIFT_OPTIMIZATION_LEVEL = "-O";
				VALIDATE_PRODUCT = YES;
			};
			name = Release;
		};
		867AF3D122C511FB001C1E8F /* Debug */ = {
			isa = XCBuildConfiguration;
			buildSettings = {
				ASSETCATALOG_COMPILER_APPICON_NAME = AppIcon;
				CODE_SIGN_STYLE = Automatic;
				CURRENT_PROJECT_VERSION = 2;
				DEVELOPMENT_TEAM = 2X8JS4RXWL;
				INFOPLIST_FILE = ennecoisa/Info.plist;
				IPHONEOS_DEPLOYMENT_TARGET = 13.0;
				LD_RUNPATH_SEARCH_PATHS = (
					"$(inherited)",
					"@executable_path/Frameworks",
				);
				MARKETING_VERSION = 2.1.0;
				PRODUCT_BUNDLE_IDENTIFIER = com.gabischima.ennecoisa;
				PRODUCT_NAME = "$(TARGET_NAME)";
				SWIFT_VERSION = 5.0;
				TARGETED_DEVICE_FAMILY = "1,2";
			};
			name = Debug;
		};
		867AF3D222C511FB001C1E8F /* Release */ = {
			isa = XCBuildConfiguration;
			buildSettings = {
				ASSETCATALOG_COMPILER_APPICON_NAME = AppIcon;
				CODE_SIGN_STYLE = Automatic;
				CURRENT_PROJECT_VERSION = 2;
				DEVELOPMENT_TEAM = 2X8JS4RXWL;
				INFOPLIST_FILE = ennecoisa/Info.plist;
				IPHONEOS_DEPLOYMENT_TARGET = 13.0;
				LD_RUNPATH_SEARCH_PATHS = (
					"$(inherited)",
					"@executable_path/Frameworks",
				);
				MARKETING_VERSION = 2.1.0;
				PRODUCT_BUNDLE_IDENTIFIER = com.gabischima.ennecoisa;
				PRODUCT_NAME = "$(TARGET_NAME)";
				SWIFT_VERSION = 5.0;
				TARGETED_DEVICE_FAMILY = "1,2";
			};
			name = Release;
		};
		867AF3D422C511FB001C1E8F /* Debug */ = {
			isa = XCBuildConfiguration;
			buildSettings = {
				ALWAYS_EMBED_SWIFT_STANDARD_LIBRARIES = YES;
				BUNDLE_LOADER = "$(TEST_HOST)";
				CODE_SIGN_STYLE = Automatic;
				DEVELOPMENT_TEAM = 2X8JS4RXWL;
				INFOPLIST_FILE = ennecoisaTests/Info.plist;
				LD_RUNPATH_SEARCH_PATHS = (
					"$(inherited)",
					"@executable_path/Frameworks",
					"@loader_path/Frameworks",
				);
				PRODUCT_BUNDLE_IDENTIFIER = com.gabischima.ennecoisaTests;
				PRODUCT_NAME = "$(TARGET_NAME)";
				SWIFT_VERSION = 5.0;
				TARGETED_DEVICE_FAMILY = "1,2";
				TEST_HOST = "$(BUILT_PRODUCTS_DIR)/ennecoisa.app/ennecoisa";
			};
			name = Debug;
		};
		867AF3D522C511FB001C1E8F /* Release */ = {
			isa = XCBuildConfiguration;
			buildSettings = {
				ALWAYS_EMBED_SWIFT_STANDARD_LIBRARIES = YES;
				BUNDLE_LOADER = "$(TEST_HOST)";
				CODE_SIGN_STYLE = Automatic;
				DEVELOPMENT_TEAM = 2X8JS4RXWL;
				INFOPLIST_FILE = ennecoisaTests/Info.plist;
				LD_RUNPATH_SEARCH_PATHS = (
					"$(inherited)",
					"@executable_path/Frameworks",
					"@loader_path/Frameworks",
				);
				PRODUCT_BUNDLE_IDENTIFIER = com.gabischima.ennecoisaTests;
				PRODUCT_NAME = "$(TARGET_NAME)";
				SWIFT_VERSION = 5.0;
				TARGETED_DEVICE_FAMILY = "1,2";
				TEST_HOST = "$(BUILT_PRODUCTS_DIR)/ennecoisa.app/ennecoisa";
			};
			name = Release;
		};
		867AF3D722C511FB001C1E8F /* Debug */ = {
			isa = XCBuildConfiguration;
			buildSettings = {
				ALWAYS_EMBED_SWIFT_STANDARD_LIBRARIES = YES;
				CODE_SIGN_STYLE = Automatic;
				DEVELOPMENT_TEAM = 2X8JS4RXWL;
				INFOPLIST_FILE = ennecoisaUITests/Info.plist;
				LD_RUNPATH_SEARCH_PATHS = (
					"$(inherited)",
					"@executable_path/Frameworks",
					"@loader_path/Frameworks",
				);
				PRODUCT_BUNDLE_IDENTIFIER = com.gabischima.ennecoisaUITests;
				PRODUCT_NAME = "$(TARGET_NAME)";
				SWIFT_VERSION = 5.0;
				TARGETED_DEVICE_FAMILY = "1,2";
				TEST_TARGET_NAME = ennecoisa;
			};
			name = Debug;
		};
		867AF3D822C511FB001C1E8F /* Release */ = {
			isa = XCBuildConfiguration;
			buildSettings = {
				ALWAYS_EMBED_SWIFT_STANDARD_LIBRARIES = YES;
				CODE_SIGN_STYLE = Automatic;
				DEVELOPMENT_TEAM = 2X8JS4RXWL;
				INFOPLIST_FILE = ennecoisaUITests/Info.plist;
				LD_RUNPATH_SEARCH_PATHS = (
					"$(inherited)",
					"@executable_path/Frameworks",
					"@loader_path/Frameworks",
				);
				PRODUCT_BUNDLE_IDENTIFIER = com.gabischima.ennecoisaUITests;
				PRODUCT_NAME = "$(TARGET_NAME)";
				SWIFT_VERSION = 5.0;
				TARGETED_DEVICE_FAMILY = "1,2";
				TEST_TARGET_NAME = ennecoisa;
			};
			name = Release;
		};
/* End XCBuildConfiguration section */

/* Begin XCConfigurationList section */
		867AF3A122C511FA001C1E8F /* Build configuration list for PBXProject "ennecoisa" */ = {
			isa = XCConfigurationList;
			buildConfigurations = (
				867AF3CE22C511FB001C1E8F /* Debug */,
				867AF3CF22C511FB001C1E8F /* Release */,
			);
			defaultConfigurationIsVisible = 0;
			defaultConfigurationName = Release;
		};
		867AF3D022C511FB001C1E8F /* Build configuration list for PBXNativeTarget "ennecoisa" */ = {
			isa = XCConfigurationList;
			buildConfigurations = (
				867AF3D122C511FB001C1E8F /* Debug */,
				867AF3D222C511FB001C1E8F /* Release */,
			);
			defaultConfigurationIsVisible = 0;
			defaultConfigurationName = Release;
		};
		867AF3D322C511FB001C1E8F /* Build configuration list for PBXNativeTarget "ennecoisaTests" */ = {
			isa = XCConfigurationList;
			buildConfigurations = (
				867AF3D422C511FB001C1E8F /* Debug */,
				867AF3D522C511FB001C1E8F /* Release */,
			);
			defaultConfigurationIsVisible = 0;
			defaultConfigurationName = Release;
		};
		867AF3D622C511FB001C1E8F /* Build configuration list for PBXNativeTarget "ennecoisaUITests" */ = {
			isa = XCConfigurationList;
			buildConfigurations = (
				867AF3D722C511FB001C1E8F /* Debug */,
				867AF3D822C511FB001C1E8F /* Release */,
			);
			defaultConfigurationIsVisible = 0;
			defaultConfigurationName = Release;
		};
/* End XCConfigurationList section */
	};
	rootObject = 867AF39E22C511FA001C1E8F /* Project object */;
}
