// !$*UTF8*$!
{
	archiveVersion = 1;
	classes = {
	};
	objectVersion = 50;
	objects = {

/* Begin PBXBuildFile section */
		06E9532F22C44E8300AEA7FE /* AppDelegate.swift in Sources */ = {isa = PBXBuildFile; fileRef = 06E9532E22C44E8300AEA7FE /* AppDelegate.swift */; };
		06E9533122C44E8300AEA7FE /* ViewController.swift in Sources */ = {isa = PBXBuildFile; fileRef = 06E9533022C44E8300AEA7FE /* ViewController.swift */; };
		06E9533422C44E8300AEA7FE /* Main.storyboard in Resources */ = {isa = PBXBuildFile; fileRef = 06E9533222C44E8300AEA7FE /* Main.storyboard */; };
		06E9533722C44E8400AEA7FE /* ennecoisa.xcdatamodeld in Sources */ = {isa = PBXBuildFile; fileRef = 06E9533522C44E8400AEA7FE /* ennecoisa.xcdatamodeld */; };
		06E9533922C44E8400AEA7FE /* Assets.xcassets in Resources */ = {isa = PBXBuildFile; fileRef = 06E9533822C44E8400AEA7FE /* Assets.xcassets */; };
		06E9533C22C44E8400AEA7FE /* LaunchScreen.storyboard in Resources */ = {isa = PBXBuildFile; fileRef = 06E9533A22C44E8400AEA7FE /* LaunchScreen.storyboard */; };
		06E9534722C44E8500AEA7FE /* ennecoisaTests.swift in Sources */ = {isa = PBXBuildFile; fileRef = 06E9534622C44E8500AEA7FE /* ennecoisaTests.swift */; };
		06E9535222C44E8500AEA7FE /* ennecoisaUITests.swift in Sources */ = {isa = PBXBuildFile; fileRef = 06E9535122C44E8500AEA7FE /* ennecoisaUITests.swift */; };
/* End PBXBuildFile section */

/* Begin PBXContainerItemProxy section */
		06E9534322C44E8500AEA7FE /* PBXContainerItemProxy */ = {
			isa = PBXContainerItemProxy;
			containerPortal = 06E9532322C44E8300AEA7FE /* Project object */;
			proxyType = 1;
			remoteGlobalIDString = 06E9532A22C44E8300AEA7FE;
			remoteInfo = ennecoisa;
		};
		06E9534E22C44E8500AEA7FE /* PBXContainerItemProxy */ = {
			isa = PBXContainerItemProxy;
			containerPortal = 06E9532322C44E8300AEA7FE /* Project object */;
			proxyType = 1;
			remoteGlobalIDString = 06E9532A22C44E8300AEA7FE;
			remoteInfo = ennecoisa;
		};
/* End PBXContainerItemProxy section */

/* Begin PBXFileReference section */
		06E9532B22C44E8300AEA7FE /* ennecoisa.app */ = {isa = PBXFileReference; explicitFileType = wrapper.application; includeInIndex = 0; path = ennecoisa.app; sourceTree = BUILT_PRODUCTS_DIR; };
		06E9532E22C44E8300AEA7FE /* AppDelegate.swift */ = {isa = PBXFileReference; lastKnownFileType = sourcecode.swift; path = AppDelegate.swift; sourceTree = "<group>"; };
		06E9533022C44E8300AEA7FE /* ViewController.swift */ = {isa = PBXFileReference; lastKnownFileType = sourcecode.swift; path = ViewController.swift; sourceTree = "<group>"; };
		06E9533322C44E8300AEA7FE /* Base */ = {isa = PBXFileReference; lastKnownFileType = file.storyboard; name = Base; path = Base.lproj/Main.storyboard; sourceTree = "<group>"; };
		06E9533622C44E8400AEA7FE /* ennecoisa.xcdatamodel */ = {isa = PBXFileReference; lastKnownFileType = wrapper.xcdatamodel; path = ennecoisa.xcdatamodel; sourceTree = "<group>"; };
		06E9533822C44E8400AEA7FE /* Assets.xcassets */ = {isa = PBXFileReference; lastKnownFileType = folder.assetcatalog; path = Assets.xcassets; sourceTree = "<group>"; };
		06E9533B22C44E8400AEA7FE /* Base */ = {isa = PBXFileReference; lastKnownFileType = file.storyboard; name = Base; path = Base.lproj/LaunchScreen.storyboard; sourceTree = "<group>"; };
		06E9533D22C44E8400AEA7FE /* Info.plist */ = {isa = PBXFileReference; lastKnownFileType = text.plist.xml; path = Info.plist; sourceTree = "<group>"; };
		06E9534222C44E8500AEA7FE /* ennecoisaTests.xctest */ = {isa = PBXFileReference; explicitFileType = wrapper.cfbundle; includeInIndex = 0; path = ennecoisaTests.xctest; sourceTree = BUILT_PRODUCTS_DIR; };
		06E9534622C44E8500AEA7FE /* ennecoisaTests.swift */ = {isa = PBXFileReference; lastKnownFileType = sourcecode.swift; path = ennecoisaTests.swift; sourceTree = "<group>"; };
		06E9534822C44E8500AEA7FE /* Info.plist */ = {isa = PBXFileReference; lastKnownFileType = text.plist.xml; path = Info.plist; sourceTree = "<group>"; };
		06E9534D22C44E8500AEA7FE /* ennecoisaUITests.xctest */ = {isa = PBXFileReference; explicitFileType = wrapper.cfbundle; includeInIndex = 0; path = ennecoisaUITests.xctest; sourceTree = BUILT_PRODUCTS_DIR; };
		06E9535122C44E8500AEA7FE /* ennecoisaUITests.swift */ = {isa = PBXFileReference; lastKnownFileType = sourcecode.swift; path = ennecoisaUITests.swift; sourceTree = "<group>"; };
		06E9535322C44E8500AEA7FE /* Info.plist */ = {isa = PBXFileReference; lastKnownFileType = text.plist.xml; path = Info.plist; sourceTree = "<group>"; };
/* End PBXFileReference section */

/* Begin PBXFrameworksBuildPhase section */
		06E9532822C44E8300AEA7FE /* Frameworks */ = {
			isa = PBXFrameworksBuildPhase;
			buildActionMask = 2147483647;
			files = (
			);
			runOnlyForDeploymentPostprocessing = 0;
		};
		06E9533F22C44E8500AEA7FE /* Frameworks */ = {
			isa = PBXFrameworksBuildPhase;
			buildActionMask = 2147483647;
			files = (
			);
			runOnlyForDeploymentPostprocessing = 0;
		};
		06E9534A22C44E8500AEA7FE /* Frameworks */ = {
			isa = PBXFrameworksBuildPhase;
			buildActionMask = 2147483647;
			files = (
			);
			runOnlyForDeploymentPostprocessing = 0;
		};
/* End PBXFrameworksBuildPhase section */

/* Begin PBXGroup section */
		06E9532222C44E8300AEA7FE = {
			isa = PBXGroup;
			children = (
				06E9532D22C44E8300AEA7FE /* ennecoisa */,
				06E9534522C44E8500AEA7FE /* ennecoisaTests */,
				06E9535022C44E8500AEA7FE /* ennecoisaUITests */,
				06E9532C22C44E8300AEA7FE /* Products */,
			);
			sourceTree = "<group>";
		};
		06E9532C22C44E8300AEA7FE /* Products */ = {
			isa = PBXGroup;
			children = (
				06E9532B22C44E8300AEA7FE /* ennecoisa.app */,
				06E9534222C44E8500AEA7FE /* ennecoisaTests.xctest */,
				06E9534D22C44E8500AEA7FE /* ennecoisaUITests.xctest */,
			);
			name = Products;
			sourceTree = "<group>";
		};
		06E9532D22C44E8300AEA7FE /* ennecoisa */ = {
			isa = PBXGroup;
			children = (
				06E9532E22C44E8300AEA7FE /* AppDelegate.swift */,
				06E9533022C44E8300AEA7FE /* ViewController.swift */,
				06E9533222C44E8300AEA7FE /* Main.storyboard */,
				06E9533822C44E8400AEA7FE /* Assets.xcassets */,
				06E9533A22C44E8400AEA7FE /* LaunchScreen.storyboard */,
				06E9533D22C44E8400AEA7FE /* Info.plist */,
				06E9533522C44E8400AEA7FE /* ennecoisa.xcdatamodeld */,
			);
			path = ennecoisa;
			sourceTree = "<group>";
		};
		06E9534522C44E8500AEA7FE /* ennecoisaTests */ = {
			isa = PBXGroup;
			children = (
				06E9534622C44E8500AEA7FE /* ennecoisaTests.swift */,
				06E9534822C44E8500AEA7FE /* Info.plist */,
			);
			path = ennecoisaTests;
			sourceTree = "<group>";
		};
		06E9535022C44E8500AEA7FE /* ennecoisaUITests */ = {
			isa = PBXGroup;
			children = (
				06E9535122C44E8500AEA7FE /* ennecoisaUITests.swift */,
				06E9535322C44E8500AEA7FE /* Info.plist */,
			);
			path = ennecoisaUITests;
			sourceTree = "<group>";
		};
/* End PBXGroup section */

/* Begin PBXNativeTarget section */
		06E9532A22C44E8300AEA7FE /* ennecoisa */ = {
			isa = PBXNativeTarget;
			buildConfigurationList = 06E9535622C44E8500AEA7FE /* Build configuration list for PBXNativeTarget "ennecoisa" */;
			buildPhases = (
				06E9532722C44E8300AEA7FE /* Sources */,
				06E9532822C44E8300AEA7FE /* Frameworks */,
				06E9532922C44E8300AEA7FE /* Resources */,
			);
			buildRules = (
			);
			dependencies = (
			);
			name = ennecoisa;
			productName = ennecoisa;
			productReference = 06E9532B22C44E8300AEA7FE /* ennecoisa.app */;
			productType = "com.apple.product-type.application";
		};
		06E9534122C44E8500AEA7FE /* ennecoisaTests */ = {
			isa = PBXNativeTarget;
			buildConfigurationList = 06E9535922C44E8500AEA7FE /* Build configuration list for PBXNativeTarget "ennecoisaTests" */;
			buildPhases = (
				06E9533E22C44E8500AEA7FE /* Sources */,
				06E9533F22C44E8500AEA7FE /* Frameworks */,
				06E9534022C44E8500AEA7FE /* Resources */,
			);
			buildRules = (
			);
			dependencies = (
				06E9534422C44E8500AEA7FE /* PBXTargetDependency */,
			);
			name = ennecoisaTests;
			productName = ennecoisaTests;
			productReference = 06E9534222C44E8500AEA7FE /* ennecoisaTests.xctest */;
			productType = "com.apple.product-type.bundle.unit-test";
		};
		06E9534C22C44E8500AEA7FE /* ennecoisaUITests */ = {
			isa = PBXNativeTarget;
			buildConfigurationList = 06E9535C22C44E8500AEA7FE /* Build configuration list for PBXNativeTarget "ennecoisaUITests" */;
			buildPhases = (
				06E9534922C44E8500AEA7FE /* Sources */,
				06E9534A22C44E8500AEA7FE /* Frameworks */,
				06E9534B22C44E8500AEA7FE /* Resources */,
			);
			buildRules = (
			);
			dependencies = (
				06E9534F22C44E8500AEA7FE /* PBXTargetDependency */,
			);
			name = ennecoisaUITests;
			productName = ennecoisaUITests;
			productReference = 06E9534D22C44E8500AEA7FE /* ennecoisaUITests.xctest */;
			productType = "com.apple.product-type.bundle.ui-testing";
		};
/* End PBXNativeTarget section */

/* Begin PBXProject section */
		06E9532322C44E8300AEA7FE /* Project object */ = {
			isa = PBXProject;
			attributes = {
				LastSwiftUpdateCheck = 1020;
				LastUpgradeCheck = 1020;
				ORGANIZATIONNAME = "Gabriela Schirmer Mauricio";
				TargetAttributes = {
					06E9532A22C44E8300AEA7FE = {
						CreatedOnToolsVersion = 10.2.1;
					};
					06E9534122C44E8500AEA7FE = {
						CreatedOnToolsVersion = 10.2.1;
						TestTargetID = 06E9532A22C44E8300AEA7FE;
					};
					06E9534C22C44E8500AEA7FE = {
						CreatedOnToolsVersion = 10.2.1;
						TestTargetID = 06E9532A22C44E8300AEA7FE;
					};
				};
			};
			buildConfigurationList = 06E9532622C44E8300AEA7FE /* Build configuration list for PBXProject "ennecoisa" */;
			compatibilityVersion = "Xcode 9.3";
			developmentRegion = en;
			hasScannedForEncodings = 0;
			knownRegions = (
				en,
				Base,
			);
			mainGroup = 06E9532222C44E8300AEA7FE;
			productRefGroup = 06E9532C22C44E8300AEA7FE /* Products */;
			projectDirPath = "";
			projectRoot = "";
			targets = (
				06E9532A22C44E8300AEA7FE /* ennecoisa */,
				06E9534122C44E8500AEA7FE /* ennecoisaTests */,
				06E9534C22C44E8500AEA7FE /* ennecoisaUITests */,
			);
		};
/* End PBXProject section */

/* Begin PBXResourcesBuildPhase section */
		06E9532922C44E8300AEA7FE /* Resources */ = {
			isa = PBXResourcesBuildPhase;
			buildActionMask = 2147483647;
			files = (
				06E9533C22C44E8400AEA7FE /* LaunchScreen.storyboard in Resources */,
				06E9533922C44E8400AEA7FE /* Assets.xcassets in Resources */,
				06E9533422C44E8300AEA7FE /* Main.storyboard in Resources */,
			);
			runOnlyForDeploymentPostprocessing = 0;
		};
		06E9534022C44E8500AEA7FE /* Resources */ = {
			isa = PBXResourcesBuildPhase;
			buildActionMask = 2147483647;
			files = (
			);
			runOnlyForDeploymentPostprocessing = 0;
		};
		06E9534B22C44E8500AEA7FE /* Resources */ = {
			isa = PBXResourcesBuildPhase;
			buildActionMask = 2147483647;
			files = (
			);
			runOnlyForDeploymentPostprocessing = 0;
		};
/* End PBXResourcesBuildPhase section */

/* Begin PBXSourcesBuildPhase section */
		06E9532722C44E8300AEA7FE /* Sources */ = {
			isa = PBXSourcesBuildPhase;
			buildActionMask = 2147483647;
			files = (
				06E9533722C44E8400AEA7FE /* ennecoisa.xcdatamodeld in Sources */,
				06E9533122C44E8300AEA7FE /* ViewController.swift in Sources */,
				06E9532F22C44E8300AEA7FE /* AppDelegate.swift in Sources */,
			);
			runOnlyForDeploymentPostprocessing = 0;
		};
		06E9533E22C44E8500AEA7FE /* Sources */ = {
			isa = PBXSourcesBuildPhase;
			buildActionMask = 2147483647;
			files = (
				06E9534722C44E8500AEA7FE /* ennecoisaTests.swift in Sources */,
			);
			runOnlyForDeploymentPostprocessing = 0;
		};
		06E9534922C44E8500AEA7FE /* Sources */ = {
			isa = PBXSourcesBuildPhase;
			buildActionMask = 2147483647;
			files = (
				06E9535222C44E8500AEA7FE /* ennecoisaUITests.swift in Sources */,
			);
			runOnlyForDeploymentPostprocessing = 0;
		};
/* End PBXSourcesBuildPhase section */

/* Begin PBXTargetDependency section */
		06E9534422C44E8500AEA7FE /* PBXTargetDependency */ = {
			isa = PBXTargetDependency;
			target = 06E9532A22C44E8300AEA7FE /* ennecoisa */;
			targetProxy = 06E9534322C44E8500AEA7FE /* PBXContainerItemProxy */;
		};
		06E9534F22C44E8500AEA7FE /* PBXTargetDependency */ = {
			isa = PBXTargetDependency;
			target = 06E9532A22C44E8300AEA7FE /* ennecoisa */;
			targetProxy = 06E9534E22C44E8500AEA7FE /* PBXContainerItemProxy */;
		};
/* End PBXTargetDependency section */

/* Begin PBXVariantGroup section */
		06E9533222C44E8300AEA7FE /* Main.storyboard */ = {
			isa = PBXVariantGroup;
			children = (
				06E9533322C44E8300AEA7FE /* Base */,
			);
			name = Main.storyboard;
			sourceTree = "<group>";
		};
		06E9533A22C44E8400AEA7FE /* LaunchScreen.storyboard */ = {
			isa = PBXVariantGroup;
			children = (
				06E9533B22C44E8400AEA7FE /* Base */,
			);
			name = LaunchScreen.storyboard;
			sourceTree = "<group>";
		};
/* End PBXVariantGroup section */

/* Begin XCBuildConfiguration section */
		06E9535422C44E8500AEA7FE /* Debug */ = {
			isa = XCBuildConfiguration;
			buildSettings = {
				ALWAYS_SEARCH_USER_PATHS = NO;
				CLANG_ANALYZER_NONNULL = YES;
				CLANG_ANALYZER_NUMBER_OBJECT_CONVERSION = YES_AGGRESSIVE;
				CLANG_CXX_LANGUAGE_STANDARD = "gnu++14";
				CLANG_CXX_LIBRARY = "libc++";
				CLANG_ENABLE_MODULES = YES;
				CLANG_ENABLE_OBJC_ARC = YES;
				CLANG_ENABLE_OBJC_WEAK = YES;
				CLANG_WARN_BLOCK_CAPTURE_AUTORELEASING = YES;
				CLANG_WARN_BOOL_CONVERSION = YES;
				CLANG_WARN_COMMA = YES;
				CLANG_WARN_CONSTANT_CONVERSION = YES;
				CLANG_WARN_DEPRECATED_OBJC_IMPLEMENTATIONS = YES;
				CLANG_WARN_DIRECT_OBJC_ISA_USAGE = YES_ERROR;
				CLANG_WARN_DOCUMENTATION_COMMENTS = YES;
				CLANG_WARN_EMPTY_BODY = YES;
				CLANG_WARN_ENUM_CONVERSION = YES;
				CLANG_WARN_INFINITE_RECURSION = YES;
				CLANG_WARN_INT_CONVERSION = YES;
				CLANG_WARN_NON_LITERAL_NULL_CONVERSION = YES;
				CLANG_WARN_OBJC_IMPLICIT_RETAIN_SELF = YES;
				CLANG_WARN_OBJC_LITERAL_CONVERSION = YES;
				CLANG_WARN_OBJC_ROOT_CLASS = YES_ERROR;
				CLANG_WARN_RANGE_LOOP_ANALYSIS = YES;
				CLANG_WARN_STRICT_PROTOTYPES = YES;
				CLANG_WARN_SUSPICIOUS_MOVE = YES;
				CLANG_WARN_UNGUARDED_AVAILABILITY = YES_AGGRESSIVE;
				CLANG_WARN_UNREACHABLE_CODE = YES;
				CLANG_WARN__DUPLICATE_METHOD_MATCH = YES;
				CODE_SIGN_IDENTITY = "iPhone Developer";
				COPY_PHASE_STRIP = NO;
				DEBUG_INFORMATION_FORMAT = dwarf;
				ENABLE_STRICT_OBJC_MSGSEND = YES;
				ENABLE_TESTABILITY = YES;
				GCC_C_LANGUAGE_STANDARD = gnu11;
				GCC_DYNAMIC_NO_PIC = NO;
				GCC_NO_COMMON_BLOCKS = YES;
				GCC_OPTIMIZATION_LEVEL = 0;
				GCC_PREPROCESSOR_DEFINITIONS = (
					"DEBUG=1",
					"$(inherited)",
				);
				GCC_WARN_64_TO_32_BIT_CONVERSION = YES;
				GCC_WARN_ABOUT_RETURN_TYPE = YES_ERROR;
				GCC_WARN_UNDECLARED_SELECTOR = YES;
				GCC_WARN_UNINITIALIZED_AUTOS = YES_AGGRESSIVE;
				GCC_WARN_UNUSED_FUNCTION = YES;
				GCC_WARN_UNUSED_VARIABLE = YES;
				IPHONEOS_DEPLOYMENT_TARGET = 12.2;
				MTL_ENABLE_DEBUG_INFO = INCLUDE_SOURCE;
				MTL_FAST_MATH = YES;
				ONLY_ACTIVE_ARCH = YES;
				SDKROOT = iphoneos;
				SWIFT_ACTIVE_COMPILATION_CONDITIONS = DEBUG;
				SWIFT_OPTIMIZATION_LEVEL = "-Onone";
			};
			name = Debug;
		};
		06E9535522C44E8500AEA7FE /* Release */ = {
			isa = XCBuildConfiguration;
			buildSettings = {
				ALWAYS_SEARCH_USER_PATHS = NO;
				CLANG_ANALYZER_NONNULL = YES;
				CLANG_ANALYZER_NUMBER_OBJECT_CONVERSION = YES_AGGRESSIVE;
				CLANG_CXX_LANGUAGE_STANDARD = "gnu++14";
				CLANG_CXX_LIBRARY = "libc++";
				CLANG_ENABLE_MODULES = YES;
				CLANG_ENABLE_OBJC_ARC = YES;
				CLANG_ENABLE_OBJC_WEAK = YES;
				CLANG_WARN_BLOCK_CAPTURE_AUTORELEASING = YES;
				CLANG_WARN_BOOL_CONVERSION = YES;
				CLANG_WARN_COMMA = YES;
				CLANG_WARN_CONSTANT_CONVERSION = YES;
				CLANG_WARN_DEPRECATED_OBJC_IMPLEMENTATIONS = YES;
				CLANG_WARN_DIRECT_OBJC_ISA_USAGE = YES_ERROR;
				CLANG_WARN_DOCUMENTATION_COMMENTS = YES;
				CLANG_WARN_EMPTY_BODY = YES;
				CLANG_WARN_ENUM_CONVERSION = YES;
				CLANG_WARN_INFINITE_RECURSION = YES;
				CLANG_WARN_INT_CONVERSION = YES;
				CLANG_WARN_NON_LITERAL_NULL_CONVERSION = YES;
				CLANG_WARN_OBJC_IMPLICIT_RETAIN_SELF = YES;
				CLANG_WARN_OBJC_LITERAL_CONVERSION = YES;
				CLANG_WARN_OBJC_ROOT_CLASS = YES_ERROR;
				CLANG_WARN_RANGE_LOOP_ANALYSIS = YES;
				CLANG_WARN_STRICT_PROTOTYPES = YES;
				CLANG_WARN_SUSPICIOUS_MOVE = YES;
				CLANG_WARN_UNGUARDED_AVAILABILITY = YES_AGGRESSIVE;
				CLANG_WARN_UNREACHABLE_CODE = YES;
				CLANG_WARN__DUPLICATE_METHOD_MATCH = YES;
				CODE_SIGN_IDENTITY = "iPhone Developer";
				COPY_PHASE_STRIP = NO;
				DEBUG_INFORMATION_FORMAT = "dwarf-with-dsym";
				ENABLE_NS_ASSERTIONS = NO;
				ENABLE_STRICT_OBJC_MSGSEND = YES;
				GCC_C_LANGUAGE_STANDARD = gnu11;
				GCC_NO_COMMON_BLOCKS = YES;
				GCC_WARN_64_TO_32_BIT_CONVERSION = YES;
				GCC_WARN_ABOUT_RETURN_TYPE = YES_ERROR;
				GCC_WARN_UNDECLARED_SELECTOR = YES;
				GCC_WARN_UNINITIALIZED_AUTOS = YES_AGGRESSIVE;
				GCC_WARN_UNUSED_FUNCTION = YES;
				GCC_WARN_UNUSED_VARIABLE = YES;
				IPHONEOS_DEPLOYMENT_TARGET = 12.2;
				MTL_ENABLE_DEBUG_INFO = NO;
				MTL_FAST_MATH = YES;
				SDKROOT = iphoneos;
				SWIFT_COMPILATION_MODE = wholemodule;
				SWIFT_OPTIMIZATION_LEVEL = "-O";
				VALIDATE_PRODUCT = YES;
			};
			name = Release;
		};
		06E9535722C44E8500AEA7FE /* Debug */ = {
			isa = XCBuildConfiguration;
			buildSettings = {
				ASSETCATALOG_COMPILER_APPICON_NAME = AppIcon;
				CODE_SIGN_STYLE = Automatic;
				DEVELOPMENT_TEAM = 2X8JS4RXWL;
				INFOPLIST_FILE = ennecoisa/Info.plist;
				LD_RUNPATH_SEARCH_PATHS = (
					"$(inherited)",
					"@executable_path/Frameworks",
				);
				PRODUCT_BUNDLE_IDENTIFIER = com.gabischima.ennecoisa;
				PRODUCT_NAME = "$(TARGET_NAME)";
				SWIFT_VERSION = 5.0;
				TARGETED_DEVICE_FAMILY = "1,2";
			};
			name = Debug;
		};
		06E9535822C44E8500AEA7FE /* Release */ = {
			isa = XCBuildConfiguration;
			buildSettings = {
				ASSETCATALOG_COMPILER_APPICON_NAME = AppIcon;
				CODE_SIGN_STYLE = Automatic;
				DEVELOPMENT_TEAM = 2X8JS4RXWL;
				INFOPLIST_FILE = ennecoisa/Info.plist;
				LD_RUNPATH_SEARCH_PATHS = (
					"$(inherited)",
					"@executable_path/Frameworks",
				);
				PRODUCT_BUNDLE_IDENTIFIER = com.gabischima.ennecoisa;
				PRODUCT_NAME = "$(TARGET_NAME)";
				SWIFT_VERSION = 5.0;
				TARGETED_DEVICE_FAMILY = "1,2";
			};
			name = Release;
		};
		06E9535A22C44E8500AEA7FE /* Debug */ = {
			isa = XCBuildConfiguration;
			buildSettings = {
				ALWAYS_EMBED_SWIFT_STANDARD_LIBRARIES = YES;
				BUNDLE_LOADER = "$(TEST_HOST)";
				CODE_SIGN_STYLE = Automatic;
				DEVELOPMENT_TEAM = 2X8JS4RXWL;
				INFOPLIST_FILE = ennecoisaTests/Info.plist;
				LD_RUNPATH_SEARCH_PATHS = (
					"$(inherited)",
					"@executable_path/Frameworks",
					"@loader_path/Frameworks",
				);
				PRODUCT_BUNDLE_IDENTIFIER = com.gabischima.ennecoisaTests;
				PRODUCT_NAME = "$(TARGET_NAME)";
				SWIFT_VERSION = 5.0;
				TARGETED_DEVICE_FAMILY = "1,2";
				TEST_HOST = "$(BUILT_PRODUCTS_DIR)/ennecoisa.app/ennecoisa";
			};
			name = Debug;
		};
		06E9535B22C44E8500AEA7FE /* Release */ = {
			isa = XCBuildConfiguration;
			buildSettings = {
				ALWAYS_EMBED_SWIFT_STANDARD_LIBRARIES = YES;
				BUNDLE_LOADER = "$(TEST_HOST)";
				CODE_SIGN_STYLE = Automatic;
				DEVELOPMENT_TEAM = 2X8JS4RXWL;
				INFOPLIST_FILE = ennecoisaTests/Info.plist;
				LD_RUNPATH_SEARCH_PATHS = (
					"$(inherited)",
					"@executable_path/Frameworks",
					"@loader_path/Frameworks",
				);
				PRODUCT_BUNDLE_IDENTIFIER = com.gabischima.ennecoisaTests;
				PRODUCT_NAME = "$(TARGET_NAME)";
				SWIFT_VERSION = 5.0;
				TARGETED_DEVICE_FAMILY = "1,2";
				TEST_HOST = "$(BUILT_PRODUCTS_DIR)/ennecoisa.app/ennecoisa";
			};
			name = Release;
		};
		06E9535D22C44E8500AEA7FE /* Debug */ = {
			isa = XCBuildConfiguration;
			buildSettings = {
				ALWAYS_EMBED_SWIFT_STANDARD_LIBRARIES = YES;
				CODE_SIGN_STYLE = Automatic;
				DEVELOPMENT_TEAM = 2X8JS4RXWL;
				INFOPLIST_FILE = ennecoisaUITests/Info.plist;
				LD_RUNPATH_SEARCH_PATHS = (
					"$(inherited)",
					"@executable_path/Frameworks",
					"@loader_path/Frameworks",
				);
				PRODUCT_BUNDLE_IDENTIFIER = com.gabischima.ennecoisaUITests;
				PRODUCT_NAME = "$(TARGET_NAME)";
				SWIFT_VERSION = 5.0;
				TARGETED_DEVICE_FAMILY = "1,2";
				TEST_TARGET_NAME = ennecoisa;
			};
			name = Debug;
		};
		06E9535E22C44E8500AEA7FE /* Release */ = {
			isa = XCBuildConfiguration;
			buildSettings = {
				ALWAYS_EMBED_SWIFT_STANDARD_LIBRARIES = YES;
				CODE_SIGN_STYLE = Automatic;
				DEVELOPMENT_TEAM = 2X8JS4RXWL;
				INFOPLIST_FILE = ennecoisaUITests/Info.plist;
				LD_RUNPATH_SEARCH_PATHS = (
					"$(inherited)",
					"@executable_path/Frameworks",
					"@loader_path/Frameworks",
				);
				PRODUCT_BUNDLE_IDENTIFIER = com.gabischima.ennecoisaUITests;
				PRODUCT_NAME = "$(TARGET_NAME)";
				SWIFT_VERSION = 5.0;
				TARGETED_DEVICE_FAMILY = "1,2";
				TEST_TARGET_NAME = ennecoisa;
			};
			name = Release;
		};
/* End XCBuildConfiguration section */

/* Begin XCConfigurationList section */
		06E9532622C44E8300AEA7FE /* Build configuration list for PBXProject "ennecoisa" */ = {
			isa = XCConfigurationList;
			buildConfigurations = (
				06E9535422C44E8500AEA7FE /* Debug */,
				06E9535522C44E8500AEA7FE /* Release */,
			);
			defaultConfigurationIsVisible = 0;
			defaultConfigurationName = Release;
		};
		06E9535622C44E8500AEA7FE /* Build configuration list for PBXNativeTarget "ennecoisa" */ = {
			isa = XCConfigurationList;
			buildConfigurations = (
				06E9535722C44E8500AEA7FE /* Debug */,
				06E9535822C44E8500AEA7FE /* Release */,
			);
			defaultConfigurationIsVisible = 0;
			defaultConfigurationName = Release;
		};
		06E9535922C44E8500AEA7FE /* Build configuration list for PBXNativeTarget "ennecoisaTests" */ = {
			isa = XCConfigurationList;
			buildConfigurations = (
				06E9535A22C44E8500AEA7FE /* Debug */,
				06E9535B22C44E8500AEA7FE /* Release */,
			);
			defaultConfigurationIsVisible = 0;
			defaultConfigurationName = Release;
		};
		06E9535C22C44E8500AEA7FE /* Build configuration list for PBXNativeTarget "ennecoisaUITests" */ = {
			isa = XCConfigurationList;
			buildConfigurations = (
				06E9535D22C44E8500AEA7FE /* Debug */,
				06E9535E22C44E8500AEA7FE /* Release */,
			);
			defaultConfigurationIsVisible = 0;
			defaultConfigurationName = Release;
		};
/* End XCConfigurationList section */

/* Begin XCVersionGroup section */
		06E9533522C44E8400AEA7FE /* ennecoisa.xcdatamodeld */ = {
			isa = XCVersionGroup;
			children = (
				06E9533622C44E8400AEA7FE /* ennecoisa.xcdatamodel */,
			);
			currentVersion = 06E9533622C44E8400AEA7FE /* ennecoisa.xcdatamodel */;
			path = ennecoisa.xcdatamodeld;
			sourceTree = "<group>";
			versionGroupType = wrapper.xcdatamodel;
		};
/* End XCVersionGroup section */
	};
	rootObject = 06E9532322C44E8300AEA7FE /* Project object */;
}
